
Microsoft Visual Studio Solution File, Format Version 12.00
# Visual Studio Version 16
VisualStudioVersion = 16.0.30804.86
MinimumVisualStudioVersion = 10.0.40219.1
Project("{FAE04EC0-301F-11D3-BF4B-00C04F79EFBC}") = "ClassMetotDemo", "ClassMetotDemo\ClassMetotDemo.csproj", "{00882295-AA6A-44EB-92F2-B4E4F43B2B07}"
EndProject
Global
	GlobalSection(SolutionConfigurationPlatforms) = preSolution
		Debug|Any CPU = Debug|Any CPU
		Release|Any CPU = Release|Any CPU
	EndGlobalSection
	GlobalSection(ProjectConfigurationPlatforms) = postSolution
		{00882295-AA6A-44EB-92F2-B4E4F43B2B07}.Debug|Any CPU.ActiveCfg = Debug|Any CPU
		{00882295-AA6A-44EB-92F2-B4E4F43B2B07}.Debug|Any CPU.Build.0 = Debug|Any CPU
		{00882295-AA6A-44EB-92F2-B4E4F43B2B07}.Release|Any CPU.ActiveCfg = Release|Any CPU
		{00882295-AA6A-44EB-92F2-B4E4F43B2B07}.Release|Any CPU.Build.0 = Release|Any CPU
	EndGlobalSection
	GlobalSection(SolutionProperties) = preSolution
		HideSolutionNode = FALSE
	EndGlobalSection
	GlobalSection(ExtensibilityGlobals) = postSolution
		SolutionGuid = {D4759B50-DACD-4DA3-B1DE-64E7E8025550}
	EndGlobalSection
EndGlobal
